
Microsoft Visual Studio Solution File, Format Version 12.00
# Visual Studio Version 17
VisualStudioVersion = 17.0.31903.59
MinimumVisualStudioVersion = 10.0.40219.1
Project("{2150E333-8FDC-42A3-9474-1A3956D46DE8}") = "Hafta-01", "Hafta-01", "{70FB249C-E9B2-8CD3-A99D-71128CEC5439}"
EndProject
Project("{FAE04EC0-301F-11D3-BF4B-00C04F79EFBC}") = "Nesne Tabanlı Programlama Hafta 1", "Hafta-01\Nesne Tabanlı Programlama Hafta 1.csproj", "{C7F7A5E2-A30C-4CBB-991C-718AA430D998}"
EndProject
Project("{2150E333-8FDC-42A3-9474-1A3956D46DE8}") = "Hafta-02", "Hafta-02", "{A33676A3-4C7C-044E-5E22-598E80F201D9}"
EndProject
Project("{FAE04EC0-301F-11D3-BF4B-00C04F79EFBC}") = "Nesne Tabanlı Programlama Hafta 2", "Hafta-02\Nesne Tabanlı Programlama Hafta 2.csproj", "{5147B009-2B02-4DD4-B2D0-E80619B2DDFC}"
EndProject
Project("{2150E333-8FDC-42A3-9474-1A3956D46DE8}") = "Hafta-03", "Hafta-03", "{6794DF12-0C82-5A37-994F-C1DB2F49E762}"
EndProject
Project("{FAE04EC0-301F-11D3-BF4B-00C04F79EFBC}") = "Nesne Tabanlı Programlama Hafta 3", "Hafta-03\Nesne Tabanlı Programlama Hafta 3.csproj", "{EA681F33-0F91-425D-B51C-449856E5B19F}"
EndProject
Project("{2150E333-8FDC-42A3-9474-1A3956D46DE8}") = "Hafta-04", "Hafta-04", "{E877CCA8-BA20-FD63-4EF3-6B03E442228B}"
EndProject
Project("{FAE04EC0-301F-11D3-BF4B-00C04F79EFBC}") = "Nesne Tabanlı Programlama Hafta 4", "Hafta-04\Nesne Tabanlı Programlama Hafta 4.csproj", "{5BF128B2-93F5-4ABA-97D3-7ED3135EC506}"
EndProject
Project("{2150E333-8FDC-42A3-9474-1A3956D46DE8}") = "Hafta-05", "Hafta-05", "{3B1A78F3-5A93-7F17-E5E8-2F4F0647A715}"
EndProject
Project("{FAE04EC0-301F-11D3-BF4B-00C04F79EFBC}") = "Nesne Tabanlı Programlama Hafta 5", "Hafta-05\Nesne Tabanlı Programlama Hafta 5.csproj", "{37FDA719-A8D0-4EA5-AD7B-5301A53FB0A1}"
EndProject
Project("{2150E333-8FDC-42A3-9474-1A3956D46DE8}") = "Hafta-06", "Hafta-06", "{7C66F0A1-276C-44B2-9A43-7D672874319E}"
EndProject
Project("{FAE04EC0-301F-11D3-BF4B-00C04F79EFBC}") = "Nesne Tabanlı Programlama Hafta 6", "Hafta-06\Nesne Tabanlı Programlama Hafta 6.csproj", "{FA4A8987-4720-490D-B857-8A67E5FF41DF}"
EndProject
Project("{2150E333-8FDC-42A3-9474-1A3956D46DE8}") = "Hafta-09", "Hafta-09", "{A2B2800C-13B2-90EF-B476-005AB1C26551}"
EndProject
Project("{FAE04EC0-301F-11D3-BF4B-00C04F79EFBC}") = "Nesne Tabanlı Programlama Hafta 9", "Hafta-09\Nesne Tabanlı Programlama Hafta 9.csproj", "{6C75F9DC-11FF-4FF6-A598-198259D65AB7}"
EndProject
Project("{2150E333-8FDC-42A3-9474-1A3956D46DE8}") = "Hafta-10", "Hafta-10", "{8D111804-6065-7B47-980E-483EF23D4393}"
EndProject
Project("{FAE04EC0-301F-11D3-BF4B-00C04F79EFBC}") = "Nesne Tabanlı Programlama Hafta 10", "Hafta-10\Nesne Tabanlı Programlama Hafta 10.csproj", "{7C41B736-D485-4B89-ABC8-D64F62D3BD2E}"
EndProject
Project("{2150E333-8FDC-42A3-9474-1A3956D46DE8}") = "Hafta-11", "Hafta-11", "{44A8A3DD-36D9-FCF0-AAA8-D1DC24F5A52E}"
EndProject
Project("{FAE04EC0-301F-11D3-BF4B-00C04F79EFBC}") = "Nesne Tabanlı Programlama Hafta 11", "Hafta-11\Nesne Tabanlı Programlama Hafta 11.csproj", "{83A92BB3-A308-4A59-9AE0-F363CFDD5B24}"
EndProject
Project("{2150E333-8FDC-42A3-9474-1A3956D46DE8}") = "Hafta-12", "Hafta-12", "{C591F67D-F2B5-D803-2C4B-7ED965CA3243}"
EndProject
Project("{FAE04EC0-301F-11D3-BF4B-00C04F79EFBC}") = "Nesne Tabanlı Programlama Hafta 12", "Hafta-12\Nesne Tabanlı Programlama Hafta 12.csproj", "{E8A8E0DF-9F12-42E0-91B8-DC337C35CE05}"
EndProject
Project("{2150E333-8FDC-42A3-9474-1A3956D46DE8}") = "Hafta-13", "Hafta-13", "{5418108A-CC8E-F160-4BE3-3DC05A30EE28}"
EndProject
Project("{FAE04EC0-301F-11D3-BF4B-00C04F79EFBC}") = "Nesne Tabanlı Programlama Hafta 13", "Hafta-13\Nesne Tabanlı Programlama Hafta 13.csproj", "{FF2A7B0C-C257-4D09-A984-3B0DC119FD55}"
EndProject
Project("{2150E333-8FDC-42A3-9474-1A3956D46DE8}") = "OzelSayilar", "OzelSayilar", "{2FEB3079-D54D-3B3A-4163-CA3B1AEC8C10}"
EndProject
Project("{FAE04EC0-301F-11D3-BF4B-00C04F79EFBC}") = "Nesne Tabanlı Programlama - Özel Sayılar", "OzelSayilar\Nesne Tabanlı Programlama - Özel Sayılar.csproj", "{443D7EB0-72F6-4327-99AE-A96937B24D3D}"
EndProject
Global
	GlobalSection(SolutionConfigurationPlatforms) = preSolution
		Debug|Any CPU = Debug|Any CPU
		Debug|x64 = Debug|x64
		Debug|x86 = Debug|x86
		Release|Any CPU = Release|Any CPU
		Release|x64 = Release|x64
		Release|x86 = Release|x86
	EndGlobalSection
	GlobalSection(ProjectConfigurationPlatforms) = postSolution
		{C7F7A5E2-A30C-4CBB-991C-718AA430D998}.Debug|Any CPU.ActiveCfg = Debug|Any CPU
		{C7F7A5E2-A30C-4CBB-991C-718AA430D998}.Debug|Any CPU.Build.0 = Debug|Any CPU
		{C7F7A5E2-A30C-4CBB-991C-718AA430D998}.Debug|x64.ActiveCfg = Debug|Any CPU
		{C7F7A5E2-A30C-4CBB-991C-718AA430D998}.Debug|x64.Build.0 = Debug|Any CPU
		{C7F7A5E2-A30C-4CBB-991C-718AA430D998}.Debug|x86.ActiveCfg = Debug|Any CPU
		{C7F7A5E2-A30C-4CBB-991C-718AA430D998}.Debug|x86.Build.0 = Debug|Any CPU
		{C7F7A5E2-A30C-4CBB-991C-718AA430D998}.Release|Any CPU.ActiveCfg = Release|Any CPU
		{C7F7A5E2-A30C-4CBB-991C-718AA430D998}.Release|Any CPU.Build.0 = Release|Any CPU
		{C7F7A5E2-A30C-4CBB-991C-718AA430D998}.Release|x64.ActiveCfg = Release|Any CPU
		{C7F7A5E2-A30C-4CBB-991C-718AA430D998}.Release|x64.Build.0 = Release|Any CPU
		{C7F7A5E2-A30C-4CBB-991C-718AA430D998}.Release|x86.ActiveCfg = Release|Any CPU
		{C7F7A5E2-A30C-4CBB-991C-718AA430D998}.Release|x86.Build.0 = Release|Any CPU
		{5147B009-2B02-4DD4-B2D0-E80619B2DDFC}.Debug|Any CPU.ActiveCfg = Debug|Any CPU
		{5147B009-2B02-4DD4-B2D0-E80619B2DDFC}.Debug|Any CPU.Build.0 = Debug|Any CPU
		{5147B009-2B02-4DD4-B2D0-E80619B2DDFC}.Debug|x64.ActiveCfg = Debug|Any CPU
		{5147B009-2B02-4DD4-B2D0-E80619B2DDFC}.Debug|x64.Build.0 = Debug|Any CPU
		{5147B009-2B02-4DD4-B2D0-E80619B2DDFC}.Debug|x86.ActiveCfg = Debug|Any CPU
		{5147B009-2B02-4DD4-B2D0-E80619B2DDFC}.Debug|x86.Build.0 = Debug|Any CPU
		{5147B009-2B02-4DD4-B2D0-E80619B2DDFC}.Release|Any CPU.ActiveCfg = Release|Any CPU
		{5147B009-2B02-4DD4-B2D0-E80619B2DDFC}.Release|Any CPU.Build.0 = Release|Any CPU
		{5147B009-2B02-4DD4-B2D0-E80619B2DDFC}.Release|x64.ActiveCfg = Release|Any CPU
		{5147B009-2B02-4DD4-B2D0-E80619B2DDFC}.Release|x64.Build.0 = Release|Any CPU
		{5147B009-2B02-4DD4-B2D0-E80619B2DDFC}.Release|x86.ActiveCfg = Release|Any CPU
		{5147B009-2B02-4DD4-B2D0-E80619B2DDFC}.Release|x86.Build.0 = Release|Any CPU
		{EA681F33-0F91-425D-B51C-449856E5B19F}.Debug|Any CPU.ActiveCfg = Debug|Any CPU
		{EA681F33-0F91-425D-B51C-449856E5B19F}.Debug|Any CPU.Build.0 = Debug|Any CPU
		{EA681F33-0F91-425D-B51C-449856E5B19F}.Debug|x64.ActiveCfg = Debug|Any CPU
		{EA681F33-0F91-425D-B51C-449856E5B19F}.Debug|x64.Build.0 = Debug|Any CPU
		{EA681F33-0F91-425D-B51C-449856E5B19F}.Debug|x86.ActiveCfg = Debug|Any CPU
		{EA681F33-0F91-425D-B51C-449856E5B19F}.Debug|x86.Build.0 = Debug|Any CPU
		{EA681F33-0F91-425D-B51C-449856E5B19F}.Release|Any CPU.ActiveCfg = Release|Any CPU
		{EA681F33-0F91-425D-B51C-449856E5B19F}.Release|Any CPU.Build.0 = Release|Any CPU
		{EA681F33-0F91-425D-B51C-449856E5B19F}.Release|x64.ActiveCfg = Release|Any CPU
		{EA681F33-0F91-425D-B51C-449856E5B19F}.Release|x64.Build.0 = Release|Any CPU
		{EA681F33-0F91-425D-B51C-449856E5B19F}.Release|x86.ActiveCfg = Release|Any CPU
		{EA681F33-0F91-425D-B51C-449856E5B19F}.Release|x86.Build.0 = Release|Any CPU
		{5BF128B2-93F5-4ABA-97D3-7ED3135EC506}.Debug|Any CPU.ActiveCfg = Debug|Any CPU
		{5BF128B2-93F5-4ABA-97D3-7ED3135EC506}.Debug|Any CPU.Build.0 = Debug|Any CPU
		{5BF128B2-93F5-4ABA-97D3-7ED3135EC506}.Debug|x64.ActiveCfg = Debug|Any CPU
		{5BF128B2-93F5-4ABA-97D3-7ED3135EC506}.Debug|x64.Build.0 = Debug|Any CPU
		{5BF128B2-93F5-4ABA-97D3-7ED3135EC506}.Debug|x86.ActiveCfg = Debug|Any CPU
		{5BF128B2-93F5-4ABA-97D3-7ED3135EC506}.Debug|x86.Build.0 = Debug|Any CPU
		{5BF128B2-93F5-4ABA-97D3-7ED3135EC506}.Release|Any CPU.ActiveCfg = Release|Any CPU
		{5BF128B2-93F5-4ABA-97D3-7ED3135EC506}.Release|Any CPU.Build.0 = Release|Any CPU
		{5BF128B2-93F5-4ABA-97D3-7ED3135EC506}.Release|x64.ActiveCfg = Release|Any CPU
		{5BF128B2-93F5-4ABA-97D3-7ED3135EC506}.Release|x64.Build.0 = Release|Any CPU
		{5BF128B2-93F5-4ABA-97D3-7ED3135EC506}.Release|x86.ActiveCfg = Release|Any CPU
		{5BF128B2-93F5-4ABA-97D3-7ED3135EC506}.Release|x86.Build.0 = Release|Any CPU
		{37FDA719-A8D0-4EA5-AD7B-5301A53FB0A1}.Debug|Any CPU.ActiveCfg = Debug|Any CPU
		{37FDA719-A8D0-4EA5-AD7B-5301A53FB0A1}.Debug|Any CPU.Build.0 = Debug|Any CPU
		{37FDA719-A8D0-4EA5-AD7B-5301A53FB0A1}.Debug|x64.ActiveCfg = Debug|Any CPU
		{37FDA719-A8D0-4EA5-AD7B-5301A53FB0A1}.Debug|x64.Build.0 = Debug|Any CPU
		{37FDA719-A8D0-4EA5-AD7B-5301A53FB0A1}.Debug|x86.ActiveCfg = Debug|Any CPU
		{37FDA719-A8D0-4EA5-AD7B-5301A53FB0A1}.Debug|x86.Build.0 = Debug|Any CPU
		{37FDA719-A8D0-4EA5-AD7B-5301A53FB0A1}.Release|Any CPU.ActiveCfg = Release|Any CPU
		{37FDA719-A8D0-4EA5-AD7B-5301A53FB0A1}.Release|Any CPU.Build.0 = Release|Any CPU
		{37FDA719-A8D0-4EA5-AD7B-5301A53FB0A1}.Release|x64.ActiveCfg = Release|Any CPU
		{37FDA719-A8D0-4EA5-AD7B-5301A53FB0A1}.Release|x64.Build.0 = Release|Any CPU
		{37FDA719-A8D0-4EA5-AD7B-5301A53FB0A1}.Release|x86.ActiveCfg = Release|Any CPU
		{37FDA719-A8D0-4EA5-AD7B-5301A53FB0A1}.Release|x86.Build.0 = Release|Any CPU
		{FA4A8987-4720-490D-B857-8A67E5FF41DF}.Debug|Any CPU.ActiveCfg = Debug|Any CPU
		{FA4A8987-4720-490D-B857-8A67E5FF41DF}.Debug|Any CPU.Build.0 = Debug|Any CPU
		{FA4A8987-4720-490D-B857-8A67E5FF41DF}.Debug|x64.ActiveCfg = Debug|Any CPU
		{FA4A8987-4720-490D-B857-8A67E5FF41DF}.Debug|x64.Build.0 = Debug|Any CPU
		{FA4A8987-4720-490D-B857-8A67E5FF41DF}.Debug|x86.ActiveCfg = Debug|Any CPU
		{FA4A8987-4720-490D-B857-8A67E5FF41DF}.Debug|x86.Build.0 = Debug|Any CPU
		{FA4A8987-4720-490D-B857-8A67E5FF41DF}.Release|Any CPU.ActiveCfg = Release|Any CPU
		{FA4A8987-4720-490D-B857-8A67E5FF41DF}.Release|Any CPU.Build.0 = Release|Any CPU
		{FA4A8987-4720-490D-B857-8A67E5FF41DF}.Release|x64.ActiveCfg = Release|Any CPU
		{FA4A8987-4720-490D-B857-8A67E5FF41DF}.Release|x64.Build.0 = Release|Any CPU
		{FA4A8987-4720-490D-B857-8A67E5FF41DF}.Release|x86.ActiveCfg = Release|Any CPU
		{FA4A8987-4720-490D-B857-8A67E5FF41DF}.Release|x86.Build.0 = Release|Any CPU
		{6C75F9DC-11FF-4FF6-A598-198259D65AB7}.Debug|Any CPU.ActiveCfg = Debug|Any CPU
		{6C75F9DC-11FF-4FF6-A598-198259D65AB7}.Debug|Any CPU.Build.0 = Debug|Any CPU
		{6C75F9DC-11FF-4FF6-A598-198259D65AB7}.Debug|x64.ActiveCfg = Debug|Any CPU
		{6C75F9DC-11FF-4FF6-A598-198259D65AB7}.Debug|x64.Build.0 = Debug|Any CPU
		{6C75F9DC-11FF-4FF6-A598-198259D65AB7}.Debug|x86.ActiveCfg = Debug|Any CPU
		{6C75F9DC-11FF-4FF6-A598-198259D65AB7}.Debug|x86.Build.0 = Debug|Any CPU
		{6C75F9DC-11FF-4FF6-A598-198259D65AB7}.Release|Any CPU.ActiveCfg = Release|Any CPU
		{6C75F9DC-11FF-4FF6-A598-198259D65AB7}.Release|Any CPU.Build.0 = Release|Any CPU
		{6C75F9DC-11FF-4FF6-A598-198259D65AB7}.Release|x64.ActiveCfg = Release|Any CPU
		{6C75F9DC-11FF-4FF6-A598-198259D65AB7}.Release|x64.Build.0 = Release|Any CPU
		{6C75F9DC-11FF-4FF6-A598-198259D65AB7}.Release|x86.ActiveCfg = Release|Any CPU
		{6C75F9DC-11FF-4FF6-A598-198259D65AB7}.Release|x86.Build.0 = Release|Any CPU
		{7C41B736-D485-4B89-ABC8-D64F62D3BD2E}.Debug|Any CPU.ActiveCfg = Debug|Any CPU
		{7C41B736-D485-4B89-ABC8-D64F62D3BD2E}.Debug|Any CPU.Build.0 = Debug|Any CPU
		{7C41B736-D485-4B89-ABC8-D64F62D3BD2E}.Debug|x64.ActiveCfg = Debug|Any CPU
		{7C41B736-D485-4B89-ABC8-D64F62D3BD2E}.Debug|x64.Build.0 = Debug|Any CPU
		{7C41B736-D485-4B89-ABC8-D64F62D3BD2E}.Debug|x86.ActiveCfg = Debug|Any CPU
		{7C41B736-D485-4B89-ABC8-D64F62D3BD2E}.Debug|x86.Build.0 = Debug|Any CPU
		{7C41B736-D485-4B89-ABC8-D64F62D3BD2E}.Release|Any CPU.ActiveCfg = Release|Any CPU
		{7C41B736-D485-4B89-ABC8-D64F62D3BD2E}.Release|Any CPU.Build.0 = Release|Any CPU
		{7C41B736-D485-4B89-ABC8-D64F62D3BD2E}.Release|x64.ActiveCfg = Release|Any CPU
		{7C41B736-D485-4B89-ABC8-D64F62D3BD2E}.Release|x64.Build.0 = Release|Any CPU
		{7C41B736-D485-4B89-ABC8-D64F62D3BD2E}.Release|x86.ActiveCfg = Release|Any CPU
		{7C41B736-D485-4B89-ABC8-D64F62D3BD2E}.Release|x86.Build.0 = Release|Any CPU
		{83A92BB3-A308-4A59-9AE0-F363CFDD5B24}.Debug|Any CPU.ActiveCfg = Debug|Any CPU
		{83A92BB3-A308-4A59-9AE0-F363CFDD5B24}.Debug|Any CPU.Build.0 = Debug|Any CPU
		{83A92BB3-A308-4A59-9AE0-F363CFDD5B24}.Debug|x64.ActiveCfg = Debug|Any CPU
		{83A92BB3-A308-4A59-9AE0-F363CFDD5B24}.Debug|x64.Build.0 = Debug|Any CPU
		{83A92BB3-A308-4A59-9AE0-F363CFDD5B24}.Debug|x86.ActiveCfg = Debug|Any CPU
		{83A92BB3-A308-4A59-9AE0-F363CFDD5B24}.Debug|x86.Build.0 = Debug|Any CPU
		{83A92BB3-A308-4A59-9AE0-F363CFDD5B24}.Release|Any CPU.ActiveCfg = Release|Any CPU
		{83A92BB3-A308-4A59-9AE0-F363CFDD5B24}.Release|Any CPU.Build.0 = Release|Any CPU
		{83A92BB3-A308-4A59-9AE0-F363CFDD5B24}.Release|x64.ActiveCfg = Release|Any CPU
		{83A92BB3-A308-4A59-9AE0-F363CFDD5B24}.Release|x64.Build.0 = Release|Any CPU
		{83A92BB3-A308-4A59-9AE0-F363CFDD5B24}.Release|x86.ActiveCfg = Release|Any CPU
		{83A92BB3-A308-4A59-9AE0-F363CFDD5B24}.Release|x86.Build.0 = Release|Any CPU
		{E8A8E0DF-9F12-42E0-91B8-DC337C35CE05}.Debug|Any CPU.ActiveCfg = Debug|Any CPU
		{E8A8E0DF-9F12-42E0-91B8-DC337C35CE05}.Debug|Any CPU.Build.0 = Debug|Any CPU
		{E8A8E0DF-9F12-42E0-91B8-DC337C35CE05}.Debug|x64.ActiveCfg = Debug|Any CPU
		{E8A8E0DF-9F12-42E0-91B8-DC337C35CE05}.Debug|x64.Build.0 = Debug|Any CPU
		{E8A8E0DF-9F12-42E0-91B8-DC337C35CE05}.Debug|x86.ActiveCfg = Debug|Any CPU
		{E8A8E0DF-9F12-42E0-91B8-DC337C35CE05}.Debug|x86.Build.0 = Debug|Any CPU
		{E8A8E0DF-9F12-42E0-91B8-DC337C35CE05}.Release|Any CPU.ActiveCfg = Release|Any CPU
		{E8A8E0DF-9F12-42E0-91B8-DC337C35CE05}.Release|Any CPU.Build.0 = Release|Any CPU
		{E8A8E0DF-9F12-42E0-91B8-DC337C35CE05}.Release|x64.ActiveCfg = Release|Any CPU
		{E8A8E0DF-9F12-42E0-91B8-DC337C35CE05}.Release|x64.Build.0 = Release|Any CPU
		{E8A8E0DF-9F12-42E0-91B8-DC337C35CE05}.Release|x86.ActiveCfg = Release|Any CPU
		{E8A8E0DF-9F12-42E0-91B8-DC337C35CE05}.Release|x86.Build.0 = Release|Any CPU
		{FF2A7B0C-C257-4D09-A984-3B0DC119FD55}.Debug|Any CPU.ActiveCfg = Debug|Any CPU
		{FF2A7B0C-C257-4D09-A984-3B0DC119FD55}.Debug|Any CPU.Build.0 = Debug|Any CPU
		{FF2A7B0C-C257-4D09-A984-3B0DC119FD55}.Debug|x64.ActiveCfg = Debug|Any CPU
		{FF2A7B0C-C257-4D09-A984-3B0DC119FD55}.Debug|x64.Build.0 = Debug|Any CPU
		{FF2A7B0C-C257-4D09-A984-3B0DC119FD55}.Debug|x86.ActiveCfg = Debug|Any CPU
		{FF2A7B0C-C257-4D09-A984-3B0DC119FD55}.Debug|x86.Build.0 = Debug|Any CPU
		{FF2A7B0C-C257-4D09-A984-3B0DC119FD55}.Release|Any CPU.ActiveCfg = Release|Any CPU
		{FF2A7B0C-C257-4D09-A984-3B0DC119FD55}.Release|Any CPU.Build.0 = Release|Any CPU
		{FF2A7B0C-C257-4D09-A984-3B0DC119FD55}.Release|x64.ActiveCfg = Release|Any CPU
		{FF2A7B0C-C257-4D09-A984-3B0DC119FD55}.Release|x64.Build.0 = Release|Any CPU
		{FF2A7B0C-C257-4D09-A984-3B0DC119FD55}.Release|x86.ActiveCfg = Release|Any CPU
		{FF2A7B0C-C257-4D09-A984-3B0DC119FD55}.Release|x86.Build.0 = Release|Any CPU
		{443D7EB0-72F6-4327-99AE-A96937B24D3D}.Debug|Any CPU.ActiveCfg = Debug|Any CPU
		{443D7EB0-72F6-4327-99AE-A96937B24D3D}.Debug|Any CPU.Build.0 = Debug|Any CPU
		{443D7EB0-72F6-4327-99AE-A96937B24D3D}.Debug|x64.ActiveCfg = Debug|Any CPU
		{443D7EB0-72F6-4327-99AE-A96937B24D3D}.Debug|x64.Build.0 = Debug|Any CPU
		{443D7EB0-72F6-4327-99AE-A96937B24D3D}.Debug|x86.ActiveCfg = Debug|Any CPU
		{443D7EB0-72F6-4327-99AE-A96937B24D3D}.Debug|x86.Build.0 = Debug|Any CPU
		{443D7EB0-72F6-4327-99AE-A96937B24D3D}.Release|Any CPU.ActiveCfg = Release|Any CPU
		{443D7EB0-72F6-4327-99AE-A96937B24D3D}.Release|Any CPU.Build.0 = Release|Any CPU
		{443D7EB0-72F6-4327-99AE-A96937B24D3D}.Release|x64.ActiveCfg = Release|Any CPU
		{443D7EB0-72F6-4327-99AE-A96937B24D3D}.Release|x64.Build.0 = Release|Any CPU
		{443D7EB0-72F6-4327-99AE-A96937B24D3D}.Release|x86.ActiveCfg = Release|Any CPU
		{443D7EB0-72F6-4327-99AE-A96937B24D3D}.Release|x86.Build.0 = Release|Any CPU
	EndGlobalSection
	GlobalSection(SolutionProperties) = preSolution
		HideSolutionNode = FALSE
	EndGlobalSection
	GlobalSection(NestedProjects) = preSolution
		{C7F7A5E2-A30C-4CBB-991C-718AA430D998} = {70FB249C-E9B2-8CD3-A99D-71128CEC5439}
		{5147B009-2B02-4DD4-B2D0-E80619B2DDFC} = {A33676A3-4C7C-044E-5E22-598E80F201D9}
		{EA681F33-0F91-425D-B51C-449856E5B19F} = {6794DF12-0C82-5A37-994F-C1DB2F49E762}
		{5BF128B2-93F5-4ABA-97D3-7ED3135EC506} = {E877CCA8-BA20-FD63-4EF3-6B03E442228B}
		{37FDA719-A8D0-4EA5-AD7B-5301A53FB0A1} = {3B1A78F3-5A93-7F17-E5E8-2F4F0647A715}
		{FA4A8987-4720-490D-B857-8A67E5FF41DF} = {7C66F0A1-276C-44B2-9A43-7D672874319E}
		{6C75F9DC-11FF-4FF6-A598-198259D65AB7} = {A2B2800C-13B2-90EF-B476-005AB1C26551}
		{7C41B736-D485-4B89-ABC8-D64F62D3BD2E} = {8D111804-6065-7B47-980E-483EF23D4393}
		{83A92BB3-A308-4A59-9AE0-F363CFDD5B24} = {44A8A3DD-36D9-FCF0-AAA8-D1DC24F5A52E}
		{E8A8E0DF-9F12-42E0-91B8-DC337C35CE05} = {C591F67D-F2B5-D803-2C4B-7ED965CA3243}
		{FF2A7B0C-C257-4D09-A984-3B0DC119FD55} = {5418108A-CC8E-F160-4BE3-3DC05A30EE28}
		{443D7EB0-72F6-4327-99AE-A96937B24D3D} = {2FEB3079-D54D-3B3A-4163-CA3B1AEC8C10}
	EndGlobalSection
EndGlobal
